
Microsoft Visual Studio Solution File, Format Version 12.00
# Visual Studio Version 16
VisualStudioVersion = 16.0.30621.155
MinimumVisualStudioVersion = 10.0.40219.1
Project("{FAE04EC0-301F-11D3-BF4B-00C04F79EFBC}") = "CheckersCliente", "CheckersCliente\CheckersCliente.csproj", "{29E580FC-2107-416C-8350-C88D4A8E3FC0}"
EndProject
Project("{FAE04EC0-301F-11D3-BF4B-00C04F79EFBC}") = "LogicaCliente", "LogicaCliente\LogicaCliente.csproj", "{CBCFBE44-732C-4982-8852-293D94A9AB41}"
EndProject
Global
	GlobalSection(SolutionConfigurationPlatforms) = preSolution
		Debug|Any CPU = Debug|Any CPU
		Release|Any CPU = Release|Any CPU
	EndGlobalSection
	GlobalSection(ProjectConfigurationPlatforms) = postSolution
		{29E580FC-2107-416C-8350-C88D4A8E3FC0}.Debug|Any CPU.ActiveCfg = Debug|Any CPU
		{29E580FC-2107-416C-8350-C88D4A8E3FC0}.Debug|Any CPU.Build.0 = Debug|Any CPU
		{29E580FC-2107-416C-8350-C88D4A8E3FC0}.Release|Any CPU.ActiveCfg = Release|Any CPU
		{29E580FC-2107-416C-8350-C88D4A8E3FC0}.Release|Any CPU.Build.0 = Release|Any CPU
		{CBCFBE44-732C-4982-8852-293D94A9AB41}.Debug|Any CPU.ActiveCfg = Debug|Any CPU
		{CBCFBE44-732C-4982-8852-293D94A9AB41}.Debug|Any CPU.Build.0 = Debug|Any CPU
		{CBCFBE44-732C-4982-8852-293D94A9AB41}.Release|Any CPU.ActiveCfg = Release|Any CPU
		{CBCFBE44-732C-4982-8852-293D94A9AB41}.Release|Any CPU.Build.0 = Release|Any CPU
	EndGlobalSection
	GlobalSection(SolutionProperties) = preSolution
		HideSolutionNode = FALSE
	EndGlobalSection
	GlobalSection(ExtensibilityGlobals) = postSolution
		SolutionGuid = {6E8777F2-6E7D-4F73-95BE-ACD19AF449CB}
	EndGlobalSection
EndGlobal
